{
    "_readme": [
        "This file locks the dependencies of your project to a known state",
        "Read more about it at https://getcomposer.org/doc/01-basic-usage.md#installing-dependencies",
        "This file is @generated automatically"
    ],
    "content-hash": "320fc9054fd80b23302ab9a3c1acb55e",
    "packages": [
        {
            "name": "byteshard/enum",
            "version": "v1.0.2",
            "source": {
                "type": "git",
                "url": "https://github.com/byteshard/enum.git",
                "reference": "e39501eee2409cd2ef0b4245993eeb454a0192c6"
            },
            "dist": {
                "type": "zip",
                "url": "https://api.github.com/repos/byteshard/enum/zipball/e39501eee2409cd2ef0b4245993eeb454a0192c6",
                "reference": "e39501eee2409cd2ef0b4245993eeb454a0192c6",
                "shasum": ""
            },
            "require": {
                "php": "^8.1"
            },
            "require-dev": {
                "phpstan/phpstan": "^1.9"
            },
            "type": "library",
            "autoload": {
                "psr-4": {
                    "byteShard\\": "src/byteShard"
                }
            },
            "notification-url": "https://packagist.org/downloads/",
            "license": [
                "MPL-2.0"
            ],
            "authors": [
                {
                    "name": "Lars Hennig"
                }
            ],
            "description": "Global enums for the byteShard framework",
            "support": {
                "issues": "https://github.com/byteshard/enum/issues",
                "source": "https://github.com/byteshard/enum/tree/v1.0.2"
            },
            "time": "2023-10-09T14:26:50+00:00"
        }
    ],
    "packages-dev": [
        {
            "name": "phpstan/phpstan",
            "version": "1.10.38",
            "source": {
                "type": "git",
                "url": "https://github.com/phpstan/phpstan.git",
                "reference": "5302bb402c57f00fb3c2c015bac86e0827e4b691"
            },
            "dist": {
                "type": "zip",
                "url": "https://api.github.com/repos/phpstan/phpstan/zipball/5302bb402c57f00fb3c2c015bac86e0827e4b691",
                "reference": "5302bb402c57f00fb3c2c015bac86e0827e4b691",
                "shasum": ""
            },
            "require": {
                "php": "^7.2|^8.0"
            },
            "conflict": {
                "phpstan/phpstan-shim": "*"
            },
            "bin": [
                "phpstan",
                "phpstan.phar"
            ],
            "type": "library",
            "autoload": {
                "files": [
                    "bootstrap.php"
                ]
            },
            "notification-url": "https://packagist.org/downloads/",
            "license": [
                "MIT"
            ],
            "description": "PHPStan - PHP Static Analysis Tool",
            "keywords": [
                "dev",
                "static analysis"
            ],
            "support": {
                "docs": "https://phpstan.org/user-guide/getting-started",
                "forum": "https://github.com/phpstan/phpstan/discussions",
                "issues": "https://github.com/phpstan/phpstan/issues",
                "security": "https://github.com/phpstan/phpstan/security/policy",
                "source": "https://github.com/phpstan/phpstan-src"
            },
            "funding": [
                {
                    "url": "https://github.com/ondrejmirtes",
                    "type": "github"
                },
                {
                    "url": "https://github.com/phpstan",
                    "type": "github"
                },
                {
                    "url": "https://tidelift.com/funding/github/packagist/phpstan/phpstan",
                    "type": "tidelift"
                }
            ],
            "time": "2023-10-06T14:19:14+00:00"
        }
    ],
    "aliases": [],
    "minimum-stability": "stable",
    "stability-flags": [],
    "prefer-stable": false,
    "prefer-lowest": false,
    "platform": {
        "php": "^8.1"
    },
    "platform-dev": [],
    "plugin-api-version": "2.3.0"
}
